
Microsoft Visual Studio Solution File, Format Version 12.00
# Visual Studio Version 17
VisualStudioVersion = 17.2.32516.85
MinimumVisualStudioVersion = 10.0.40219.1
Project("{FAE04EC0-301F-11D3-BF4B-00C04F79EFBC}") = "Conduit", "Conduit\Conduit.csproj", "{AA902D43-1C97-4C99-8CBD-53386C51579D}"
EndProject
Project("{FAE04EC0-301F-11D3-BF4B-00C04F79EFBC}") = "Conduit.Domain", "Conduit.Domain\Conduit.Domain.csproj", "{73345A68-D01F-4D39-8AD0-46D591B9A91C}"
EndProject
Project("{FAE04EC0-301F-11D3-BF4B-00C04F79EFBC}") = "Conduit.Data", "Conduit.Data\Conduit.Data.csproj", "{2F0BB5F1-B05C-4C6C-90E4-E8BDC6D8E259}"
EndProject
Global
	GlobalSection(SolutionConfigurationPlatforms) = preSolution
		Debug|Any CPU = Debug|Any CPU
		Release|Any CPU = Release|Any CPU
	EndGlobalSection
	GlobalSection(ProjectConfigurationPlatforms) = postSolution
		{AA902D43-1C97-4C99-8CBD-53386C51579D}.Debug|Any CPU.ActiveCfg = Debug|Any CPU
		{AA902D43-1C97-4C99-8CBD-53386C51579D}.Debug|Any CPU.Build.0 = Debug|Any CPU
		{AA902D43-1C97-4C99-8CBD-53386C51579D}.Release|Any CPU.ActiveCfg = Release|Any CPU
		{AA902D43-1C97-4C99-8CBD-53386C51579D}.Release|Any CPU.Build.0 = Release|Any CPU
		{73345A68-D01F-4D39-8AD0-46D591B9A91C}.Debug|Any CPU.ActiveCfg = Debug|Any CPU
		{73345A68-D01F-4D39-8AD0-46D591B9A91C}.Debug|Any CPU.Build.0 = Debug|Any CPU
		{73345A68-D01F-4D39-8AD0-46D591B9A91C}.Release|Any CPU.ActiveCfg = Release|Any CPU
		{73345A68-D01F-4D39-8AD0-46D591B9A91C}.Release|Any CPU.Build.0 = Release|Any CPU
		{2F0BB5F1-B05C-4C6C-90E4-E8BDC6D8E259}.Debug|Any CPU.ActiveCfg = Debug|Any CPU
		{2F0BB5F1-B05C-4C6C-90E4-E8BDC6D8E259}.Debug|Any CPU.Build.0 = Debug|Any CPU
		{2F0BB5F1-B05C-4C6C-90E4-E8BDC6D8E259}.Release|Any CPU.ActiveCfg = Release|Any CPU
		{2F0BB5F1-B05C-4C6C-90E4-E8BDC6D8E259}.Release|Any CPU.Build.0 = Release|Any CPU
	EndGlobalSection
	GlobalSection(SolutionProperties) = preSolution
		HideSolutionNode = FALSE
	EndGlobalSection
	GlobalSection(ExtensibilityGlobals) = postSolution
		SolutionGuid = {32536889-D4F7-4521-B790-4745E00C394A}
	EndGlobalSection
EndGlobal
